{
  "lockfileVersion": 1,
  "workspaces": {
    "": {
      "name": "r-igcse-bot",
      "dependencies": {
        "@discordforge/logger": "^1.0.0",
        "@discordforge/pagination": "^1.0.1",
        "bufferutil": "^4.0.9",
        "chucklejs": "^1.0.0",
        "discord.js": "^14.18.0",
        "fuse.js": "^7.1.0",
        "humanize-duration": "^3.32.1",
        "mongoose": "^8.12.2",
        "parse-duration": "^2.1.3",
        "redis": "^4.7.0",
        "redis-om": "^0.4.7",
        "utf-8-validate": "^6.0.5",
        "uuid": "^9.0.1",
        "zlib-sync": "^0.1.9",
      },
      "devDependencies": {
        "@biomejs/biome": "^1.9.4",
        "@types/bun": "latest",
        "@types/humanize-duration": "^3.27.4",
        "@types/uuid": "^9.0.8",
        "typescript": "^5.8.2",
      },
    },
  },
  "trustedDependencies": [
    "@biomejs/biome",
    "utf-8-validate",
    "zlib-sync",
    "bufferutil",
  ],
  "packages": {
    "@biomejs/biome": ["@biomejs/biome@1.9.4", "", { "optionalDependencies": { "@biomejs/cli-darwin-arm64": "1.9.4", "@biomejs/cli-darwin-x64": "1.9.4", "@biomejs/cli-linux-arm64": "1.9.4", "@biomejs/cli-linux-arm64-musl": "1.9.4", "@biomejs/cli-linux-x64": "1.9.4", "@biomejs/cli-linux-x64-musl": "1.9.4", "@biomejs/cli-win32-arm64": "1.9.4", "@biomejs/cli-win32-x64": "1.9.4" }, "bin": { "biome": "bin/biome" } }, "sha512-1rkd7G70+o9KkTn5KLmDYXihGoTaIGO9PIIN2ZB7UJxFrWw04CZHPYiMRjYsaDvVV7hP1dYNRLxSANLaBFGpog=="],

    "@biomejs/cli-darwin-arm64": ["@biomejs/cli-darwin-arm64@1.9.4", "", { "os": "darwin", "cpu": "arm64" }, "sha512-bFBsPWrNvkdKrNCYeAp+xo2HecOGPAy9WyNyB/jKnnedgzl4W4Hb9ZMzYNbf8dMCGmUdSavlYHiR01QaYR58cw=="],

    "@biomejs/cli-darwin-x64": ["@biomejs/cli-darwin-x64@1.9.4", "", { "os": "darwin", "cpu": "x64" }, "sha512-ngYBh/+bEedqkSevPVhLP4QfVPCpb+4BBe2p7Xs32dBgs7rh9nY2AIYUL6BgLw1JVXV8GlpKmb/hNiuIxfPfZg=="],

    "@biomejs/cli-linux-arm64": ["@biomejs/cli-linux-arm64@1.9.4", "", { "os": "linux", "cpu": "arm64" }, "sha512-fJIW0+LYujdjUgJJuwesP4EjIBl/N/TcOX3IvIHJQNsAqvV2CHIogsmA94BPG6jZATS4Hi+xv4SkBBQSt1N4/g=="],

    "@biomejs/cli-linux-arm64-musl": ["@biomejs/cli-linux-arm64-musl@1.9.4", "", { "os": "linux", "cpu": "arm64" }, "sha512-v665Ct9WCRjGa8+kTr0CzApU0+XXtRgwmzIf1SeKSGAv+2scAlW6JR5PMFo6FzqqZ64Po79cKODKf3/AAmECqA=="],

    "@biomejs/cli-linux-x64": ["@biomejs/cli-linux-x64@1.9.4", "", { "os": "linux", "cpu": "x64" }, "sha512-lRCJv/Vi3Vlwmbd6K+oQ0KhLHMAysN8lXoCI7XeHlxaajk06u7G+UsFSO01NAs5iYuWKmVZjmiOzJ0OJmGsMwg=="],

    "@biomejs/cli-linux-x64-musl": ["@biomejs/cli-linux-x64-musl@1.9.4", "", { "os": "linux", "cpu": "x64" }, "sha512-gEhi/jSBhZ2m6wjV530Yy8+fNqG8PAinM3oV7CyO+6c3CEh16Eizm21uHVsyVBEB6RIM8JHIl6AGYCv6Q6Q9Tg=="],

    "@biomejs/cli-win32-arm64": ["@biomejs/cli-win32-arm64@1.9.4", "", { "os": "win32", "cpu": "arm64" }, "sha512-tlbhLk+WXZmgwoIKwHIHEBZUwxml7bRJgk0X2sPyNR3S93cdRq6XulAZRQJ17FYGGzWne0fgrXBKpl7l4M87Hg=="],

    "@biomejs/cli-win32-x64": ["@biomejs/cli-win32-x64@1.9.4", "", { "os": "win32", "cpu": "x64" }, "sha512-8Y5wMhVIPaWe6jw2H+KlEm4wP/f7EW3810ZLmDlrEEy5KvBsb9ECEfu/kMWD484ijfQ8+nIi0giMgu9g1UAuuA=="],

    "@discordforge/logger": ["@discordforge/logger@1.0.0", "", {}, "sha512-MeMe7SVw4z9DxyHM6LGSTbhhm3skuDXXS+dG64Eawn5n97ZFTkQynIlkX3Lx3Nk8LhOT0S/n7ddWzWhiyaOLhQ=="],

    "@discordforge/pagination": ["@discordforge/pagination@1.0.1", "", { "peerDependencies": { "discord.js": "^14" } }, "sha512-P2TCEVrFynXbV0URc/a8kiRNSxHT+9578J+PXrClYBxsplgaHbULaIQVqu1Kw1e1sRnrC5pOywuU1Ck35ND9mA=="],

    "@discordjs/builders": ["@discordjs/builders@1.10.1", "", { "dependencies": { "@discordjs/formatters": "^0.6.0", "@discordjs/util": "^1.1.1", "@sapphire/shapeshift": "^4.0.0", "discord-api-types": "^0.37.119", "fast-deep-equal": "^3.1.3", "ts-mixer": "^6.0.4", "tslib": "^2.6.3" } }, "sha512-OWo1fY4ztL1/M/DUyRPShB4d/EzVfuUvPTRRHRIt/YxBrUYSz0a+JicD5F5zHFoNs2oTuWavxCOVFV1UljHTng=="],

    "@discordjs/collection": ["@discordjs/collection@1.5.3", "", {}, "sha512-SVb428OMd3WO1paV3rm6tSjM4wC+Kecaa1EUGX7vc6/fddvw/6lg90z4QtCqm21zvVe92vMMDt9+DkIvjXImQQ=="],

    "@discordjs/formatters": ["@discordjs/formatters@0.6.0", "", { "dependencies": { "discord-api-types": "^0.37.114" } }, "sha512-YIruKw4UILt/ivO4uISmrGq2GdMY6EkoTtD0oS0GvkJFRZbTSdPhzYiUILbJ/QslsvC9H9nTgGgnarnIl4jMfw=="],

    "@discordjs/rest": ["@discordjs/rest@2.4.3", "", { "dependencies": { "@discordjs/collection": "^2.1.1", "@discordjs/util": "^1.1.1", "@sapphire/async-queue": "^1.5.3", "@sapphire/snowflake": "^3.5.3", "@vladfrangu/async_event_emitter": "^2.4.6", "discord-api-types": "^0.37.119", "magic-bytes.js": "^1.10.0", "tslib": "^2.6.3", "undici": "6.21.1" } }, "sha512-+SO4RKvWsM+y8uFHgYQrcTl/3+cY02uQOH7/7bKbVZsTfrfpoE62o5p+mmV+s7FVhTX82/kQUGGbu4YlV60RtA=="],

    "@discordjs/util": ["@discordjs/util@1.1.1", "", {}, "sha512-eddz6UnOBEB1oITPinyrB2Pttej49M9FZQY8NxgEvc3tq6ZICZ19m70RsmzRdDHk80O9NoYN/25AqJl8vPVf/g=="],

    "@discordjs/ws": ["@discordjs/ws@1.2.1", "", { "dependencies": { "@discordjs/collection": "^2.1.0", "@discordjs/rest": "^2.4.3", "@discordjs/util": "^1.1.0", "@sapphire/async-queue": "^1.5.2", "@types/ws": "^8.5.10", "@vladfrangu/async_event_emitter": "^2.2.4", "discord-api-types": "^0.37.119", "tslib": "^2.6.2", "ws": "^8.17.0" } }, "sha512-PBvenhZG56a6tMWF/f4P6f4GxZKJTBG95n7aiGSPTnodmz4N5g60t79rSIAq7ywMbv8A4jFtexMruH+oe51aQQ=="],

    "@jsep-plugin/assignment": ["@jsep-plugin/assignment@1.3.0", "", { "peerDependencies": { "jsep": "^0.4.0||^1.0.0" } }, "sha512-VVgV+CXrhbMI3aSusQyclHkenWSAm95WaiKrMxRFam3JSUiIaQjoMIw2sEs/OX4XifnqeQUN4DYbJjlA8EfktQ=="],

    "@jsep-plugin/regex": ["@jsep-plugin/regex@1.0.4", "", { "peerDependencies": { "jsep": "^0.4.0||^1.0.0" } }, "sha512-q7qL4Mgjs1vByCaTnDFcBnV9HS7GVPJX5vyVoCgZHNSC9rjwIlmbXG5sUuorR5ndfHAIlJ8pVStxvjXHbNvtUg=="],

    "@mongodb-js/saslprep": ["@mongodb-js/saslprep@1.2.0", "", { "dependencies": { "sparse-bitfield": "^3.0.3" } }, "sha512-+ywrb0AqkfaYuhHs6LxKWgqbh3I72EpEgESCw37o+9qPx9WTCkgDm2B+eMrwehGtHBWHFU4GXvnSCNiFhhausg=="],

    "@redis/bloom": ["@redis/bloom@1.2.0", "", { "peerDependencies": { "@redis/client": "^1.0.0" } }, "sha512-HG2DFjYKbpNmVXsa0keLHp/3leGJz1mjh09f2RLGGLQZzSHpkmZWuwJbAvo3QcRY8p80m5+ZdXZdYOSBLlp7Cg=="],

    "@redis/client": ["@redis/client@1.6.0", "", { "dependencies": { "cluster-key-slot": "1.1.2", "generic-pool": "3.9.0", "yallist": "4.0.0" } }, "sha512-aR0uffYI700OEEH4gYnitAnv3vzVGXCFvYfdpu/CJKvk4pHfLPEy/JSZyrpQ+15WhXe1yJRXLtfQ84s4mEXnPg=="],

    "@redis/graph": ["@redis/graph@1.1.1", "", { "peerDependencies": { "@redis/client": "^1.0.0" } }, "sha512-FEMTcTHZozZciLRl6GiiIB4zGm5z5F3F6a6FZCyrfxdKOhFlGkiAqlexWMBzCi4DcRoyiOsuLfW+cjlGWyExOw=="],

    "@redis/json": ["@redis/json@1.0.7", "", { "peerDependencies": { "@redis/client": "^1.0.0" } }, "sha512-6UyXfjVaTBTJtKNG4/9Z8PSpKE6XgSyEb8iwaqDcy+uKrd/DGYHTWkUdnQDyzm727V7p21WUMhsqz5oy65kPcQ=="],

    "@redis/search": ["@redis/search@1.2.0", "", { "peerDependencies": { "@redis/client": "^1.0.0" } }, "sha512-tYoDBbtqOVigEDMAcTGsRlMycIIjwMCgD8eR2t0NANeQmgK/lvxNAvYyb6bZDD4frHRhIHkJu2TBRvB0ERkOmw=="],

    "@redis/time-series": ["@redis/time-series@1.1.0", "", { "peerDependencies": { "@redis/client": "^1.0.0" } }, "sha512-c1Q99M5ljsIuc4YdaCwfUEXsofakb9c8+Zse2qxTadu8TalLXuAESzLvFAvNVbkmSlvlzIQOLpBCmWI9wTOt+g=="],

    "@sapphire/async-queue": ["@sapphire/async-queue@1.5.5", "", {}, "sha512-cvGzxbba6sav2zZkH8GPf2oGk9yYoD5qrNWdu9fRehifgnFZJMV+nuy2nON2roRO4yQQ+v7MK/Pktl/HgfsUXg=="],

    "@sapphire/shapeshift": ["@sapphire/shapeshift@4.0.0", "", { "dependencies": { "fast-deep-equal": "^3.1.3", "lodash": "^4.17.21" } }, "sha512-d9dUmWVA7MMiKobL3VpLF8P2aeanRTu6ypG2OIaEv/ZHH/SUQ2iHOVyi5wAPjQ+HmnMuL0whK9ez8I/raWbtIg=="],

    "@sapphire/snowflake": ["@sapphire/snowflake@3.5.3", "", {}, "sha512-jjmJywLAFoWeBi1W7994zZyiNWPIiqRRNAmSERxyg93xRGzNYvGjlZ0gR6x0F4gPRi2+0O6S71kOZYyr3cxaIQ=="],

    "@types/bun": ["@types/bun@1.2.5", "", { "dependencies": { "bun-types": "1.2.5" } }, "sha512-w2OZTzrZTVtbnJew1pdFmgV99H0/L+Pvw+z1P67HaR18MHOzYnTYOi6qzErhK8HyT+DB782ADVPPE92Xu2/Opg=="],

    "@types/humanize-duration": ["@types/humanize-duration@3.27.4", "", {}, "sha512-yaf7kan2Sq0goxpbcwTQ+8E9RP6HutFBPv74T/IA/ojcHKhuKVlk2YFYyHhWZeLvZPzzLE3aatuQB4h0iqyyUA=="],

    "@types/node": ["@types/node@22.13.12", "", { "dependencies": { "undici-types": "~6.20.0" } }, "sha512-ixiWrCSRi33uqBMRuICcKECW7rtgY43TbsHDpM2XK7lXispd48opW+0IXrBVxv9NMhaz/Ue9kyj6r3NTVyXm8A=="],

    "@types/uuid": ["@types/uuid@9.0.8", "", {}, "sha512-jg+97EGIcY9AGHJJRaaPVgetKDsrTgbRjQ5Msgjh/DQKEFl0DtyRr/VCOyD1T2R1MNeWPK/u7JoGhlDZnKBAfA=="],

    "@types/webidl-conversions": ["@types/webidl-conversions@7.0.3", "", {}, "sha512-CiJJvcRtIgzadHCYXw7dqEnMNRjhGZlYK05Mj9OyktqV8uVT8fD2BFOB7S1uwBE3Kj2Z+4UyPmFw/Ixgw/LAlA=="],

    "@types/whatwg-url": ["@types/whatwg-url@11.0.5", "", { "dependencies": { "@types/webidl-conversions": "*" } }, "sha512-coYR071JRaHa+xoEvvYqvnIHaVqaYrLPbsufM9BF63HkwI5Lgmy2QR8Q5K/lYDYo5AK82wOvSOS0UsLTpTG7uQ=="],

    "@types/ws": ["@types/ws@8.5.14", "", { "dependencies": { "@types/node": "*" } }, "sha512-bd/YFLW+URhBzMXurx7lWByOu+xzU9+kb3RboOteXYDfW+tr+JZa99OyNmPINEGB/ahzKrEuc8rcv4gnpJmxTw=="],

    "@vladfrangu/async_event_emitter": ["@vladfrangu/async_event_emitter@2.4.6", "", {}, "sha512-RaI5qZo6D2CVS6sTHFKg1v5Ohq/+Bo2LZ5gzUEwZ/WkHhwtGTCB/sVLw8ijOkAUxasZ+WshN/Rzj4ywsABJ5ZA=="],

    "bson": ["bson@6.10.3", "", {}, "sha512-MTxGsqgYTwfshYWTRdmZRC+M7FnG1b4y7RO7p2k3X24Wq0yv1m77Wsj0BzlPzd/IowgESfsruQCUToa7vbOpPQ=="],

    "bufferutil": ["bufferutil@4.0.9", "", { "dependencies": { "node-gyp-build": "^4.3.0" } }, "sha512-WDtdLmJvAuNNPzByAYpRo2rF1Mmradw6gvWsQKf63476DDXmomT9zUiGypLcG4ibIM67vhAj8jJRdbmEws2Aqw=="],

    "bun-types": ["bun-types@1.2.5", "", { "dependencies": { "@types/node": "*", "@types/ws": "~8.5.10" } }, "sha512-3oO6LVGGRRKI4kHINx5PIdIgnLRb7l/SprhzqXapmoYkFl5m4j6EvALvbDVuuBFaamB46Ap6HCUxIXNLCGy+tg=="],

    "chucklejs": ["chucklejs@1.0.0", "", {}, "sha512-48JawULhJ1xsbzn7+m/KrYItblDxdVpq/380egiaThvIbuSOS+j6alJ4Olb5YrtvjdscUGpjtPN6L/HRYFzO+g=="],

    "cluster-key-slot": ["cluster-key-slot@1.1.2", "", {}, "sha512-RMr0FhtfXemyinomL4hrWcYJxmX6deFdCxpJzhDttxgO1+bcCnkk+9drydLVDmAMG7NE6aN/fl4F7ucU/90gAA=="],

    "debug": ["debug@4.4.0", "", { "dependencies": { "ms": "^2.1.3" } }, "sha512-6WTZ/IxCY/T6BALoZHaE4ctp9xm+Z5kY/pzYaCHRFeyVhojxlrm+46y68HA6hr0TcwEssoxNiDEUJQjfPZ/RYA=="],

    "discord-api-types": ["discord-api-types@0.37.119", "", {}, "sha512-WasbGFXEB+VQWXlo6IpW3oUv73Yuau1Ig4AZF/m13tXcTKnMpc/mHjpztIlz4+BM9FG9BHQkEXiPto3bKduQUg=="],

    "discord.js": ["discord.js@14.18.0", "", { "dependencies": { "@discordjs/builders": "^1.10.1", "@discordjs/collection": "1.5.3", "@discordjs/formatters": "^0.6.0", "@discordjs/rest": "^2.4.3", "@discordjs/util": "^1.1.1", "@discordjs/ws": "^1.2.1", "@sapphire/snowflake": "3.5.3", "discord-api-types": "^0.37.119", "fast-deep-equal": "3.1.3", "lodash.snakecase": "4.1.1", "tslib": "^2.6.3", "undici": "6.21.1" } }, "sha512-SvU5kVUvwunQhN2/+0t55QW/1EHfB1lp0TtLZUSXVHDmyHTrdOj5LRKdR0zLcybaA15F+NtdWuWmGOX9lE+CAw=="],

    "fast-deep-equal": ["fast-deep-equal@3.1.3", "", {}, "sha512-f3qQ9oQy9j2AhBe/H9VC91wLmKBCCU/gDOnKNAYG5hswO7BLKj09Hc5HYNz9cGI++xlpDCIgDaitVs03ATR84Q=="],

    "fuse.js": ["fuse.js@7.1.0", "", {}, "sha512-trLf4SzuuUxfusZADLINj+dE8clK1frKdmqiJNb1Es75fmI5oY6X2mxLVUciLLjxqw/xr72Dhy+lER6dGd02FQ=="],

    "generic-pool": ["generic-pool@3.9.0", "", {}, "sha512-hymDOu5B53XvN4QT9dBmZxPX4CWhBPPLguTZ9MMFeFa/Kg0xWVfylOVNlJji/E7yTZWFd/q9GO5TxDLq156D7g=="],

    "humanize-duration": ["humanize-duration@3.32.1", "", {}, "sha512-inh5wue5XdfObhu/IGEMiA1nUXigSGcaKNemcbLRKa7jXYGDZXr3LoT9pTIzq2hPEbld7w/qv9h+ikWGz8fL1g=="],

    "jsep": ["jsep@1.4.0", "", {}, "sha512-B7qPcEVE3NVkmSJbaYxvv4cHkVW7DQsZz13pUMrfS8z8Q/BuShN+gcTXrUlPiGqM2/t/EEaI030bpxMqY8gMlw=="],

    "jsonpath-plus": ["jsonpath-plus@10.3.0", "", { "dependencies": { "@jsep-plugin/assignment": "^1.3.0", "@jsep-plugin/regex": "^1.0.4", "jsep": "^1.4.0" }, "bin": { "jsonpath": "bin/jsonpath-cli.js", "jsonpath-plus": "bin/jsonpath-cli.js" } }, "sha512-8TNmfeTCk2Le33A3vRRwtuworG/L5RrgMvdjhKZxvyShO+mBu2fP50OWUjRLNtvw344DdDarFh9buFAZs5ujeA=="],

    "just-clone": ["just-clone@6.2.0", "", {}, "sha512-1IynUYEc/HAwxhi3WDpIpxJbZpMCvvrrmZVqvj9EhpvbH8lls7HhdhiByjL7DkAaWlLIzpC0Xc/VPvy/UxLNjA=="],

    "kareem": ["kareem@2.6.3", "", {}, "sha512-C3iHfuGUXK2u8/ipq9LfjFfXFxAZMQJJq7vLS45r3D9Y2xQ/m4S8zaR4zMLFWh9AsNPXmcFfUDhTEO8UIC/V6Q=="],

    "lodash": ["lodash@4.17.21", "", {}, "sha512-v2kDEe57lecTulaDIuNTPy3Ry4gLGJ6Z1O3vE1krgXZNrsQ+LFTGHVxVjcXPs17LhbZVGedAJv8XZ1tvj5FvSg=="],

    "lodash.snakecase": ["lodash.snakecase@4.1.1", "", {}, "sha512-QZ1d4xoBHYUeuouhEq3lk3Uq7ldgyFXGBhg04+oRLnIz8o9T65Eh+8YdroUwn846zchkA9yDsDl5CVVaV2nqYw=="],

    "magic-bytes.js": ["magic-bytes.js@1.10.0", "", {}, "sha512-/k20Lg2q8LE5xiaaSkMXk4sfvI+9EGEykFS4b0CHHGWqDYU0bGUFSwchNOMA56D7TCs9GwVTkqe9als1/ns8UQ=="],

    "memory-pager": ["memory-pager@1.5.0", "", {}, "sha512-ZS4Bp4r/Zoeq6+NLJpP+0Zzm0pR8whtGPf1XExKLJBAczGMnSi3It14OiNCStjQjM6NU1okjQGSxgEZN8eBYKg=="],

    "mongodb": ["mongodb@6.14.2", "", { "dependencies": { "@mongodb-js/saslprep": "^1.1.9", "bson": "^6.10.3", "mongodb-connection-string-url": "^3.0.0" }, "peerDependencies": { "@aws-sdk/credential-providers": "^3.188.0", "@mongodb-js/zstd": "^1.1.0 || ^2.0.0", "gcp-metadata": "^5.2.0", "kerberos": "^2.0.1", "mongodb-client-encryption": ">=6.0.0 <7", "snappy": "^7.2.2", "socks": "^2.7.1" }, "optionalPeers": ["@aws-sdk/credential-providers", "@mongodb-js/zstd", "gcp-metadata", "kerberos", "mongodb-client-encryption", "snappy", "socks"] }, "sha512-kMEHNo0F3P6QKDq17zcDuPeaywK/YaJVCEQRzPF3TOM/Bl9MFg64YE5Tu7ifj37qZJMhwU1tl2Ioivws5gRG5Q=="],

    "mongodb-connection-string-url": ["mongodb-connection-string-url@3.0.2", "", { "dependencies": { "@types/whatwg-url": "^11.0.2", "whatwg-url": "^14.1.0 || ^13.0.0" } }, "sha512-rMO7CGo/9BFwyZABcKAWL8UJwH/Kc2x0g72uhDWzG48URRax5TCIcJ7Rc3RZqffZzO/Gwff/jyKwCU9TN8gehA=="],

    "mongoose": ["mongoose@8.12.2", "", { "dependencies": { "bson": "^6.10.3", "kareem": "2.6.3", "mongodb": "~6.14.0", "mpath": "0.9.0", "mquery": "5.0.0", "ms": "2.1.3", "sift": "17.1.3" } }, "sha512-tfCyekj0CK4Hw41u78dHCN7fimvvky0oH4QOiHxzcHtjNLosljZVjwlOqFAolIn/sROFLYGheGafqd3h/BzaFA=="],

    "mpath": ["mpath@0.9.0", "", {}, "sha512-ikJRQTk8hw5DEoFVxHG1Gn9T/xcjtdnOKIU1JTmGjZZlg9LST2mBLmcX3/ICIbgJydT2GOc15RnNy5mHmzfSew=="],

    "mquery": ["mquery@5.0.0", "", { "dependencies": { "debug": "4.x" } }, "sha512-iQMncpmEK8R8ncT8HJGsGc9Dsp8xcgYMVSbs5jgnm1lFHTZqMJTUWTDx1LBO8+mK3tPNZWFLBghQEIOULSTHZg=="],

    "ms": ["ms@2.1.3", "", {}, "sha512-6FlzubTLZG3J2a/NVCAleEhjzq5oxgHyaCU9yYXvcLsvoVaHJq/s5xXI6/XXP6tz7R9xAOtHnSO/tXtF3WRTlA=="],

    "nan": ["nan@2.22.2", "", {}, "sha512-DANghxFkS1plDdRsX0X9pm0Z6SJNN6gBdtXfanwoZ8hooC5gosGFSBGRYHUVPz1asKA/kMRqDRdHrluZ61SpBQ=="],

    "node-gyp-build": ["node-gyp-build@4.8.4", "", { "bin": { "node-gyp-build": "bin.js", "node-gyp-build-optional": "optional.js", "node-gyp-build-test": "build-test.js" } }, "sha512-LA4ZjwlnUblHVgq0oBF3Jl/6h/Nvs5fzBLwdEF4nuxnFdsfajde4WfxtJr3CaiH+F6ewcIB/q4jQ4UzPyid+CQ=="],

    "parse-duration": ["parse-duration@2.1.3", "", {}, "sha512-MtbharL7Bets65qDBXuDOHHWyY1BxTJZmJ/xGmS90iEbKE0gZ6yZpZtCda7O79GeOi/f0NwBaplIuReExIoVsw=="],

    "punycode": ["punycode@2.3.1", "", {}, "sha512-vYt7UD1U9Wg6138shLtLOvdAu+8DsC/ilFtEVHcH+wydcSpNE20AfSOduf6MkRFahL5FY7X1oU7nKVZFtfq8Fg=="],

    "redis": ["redis@4.7.0", "", { "dependencies": { "@redis/bloom": "1.2.0", "@redis/client": "1.6.0", "@redis/graph": "1.1.1", "@redis/json": "1.0.7", "@redis/search": "1.2.0", "@redis/time-series": "1.1.0" } }, "sha512-zvmkHEAdGMn+hMRXuMBtu4Vo5P6rHQjLoHftu+lBqq8ZTA3RCVC/WzD790bkKKiNFp7d5/9PcSD19fJyyRvOdQ=="],

    "redis-om": ["redis-om@0.4.7", "", { "dependencies": { "jsonpath-plus": "^10.1.0", "just-clone": "^6.1.1", "redis": "^4.6.4", "ulid": "^2.3.0" } }, "sha512-s0N+RNkW0qNeMhTbaxYZqhbBR8W/nOdMsGm25EOls0jxLHvMj9O7nD2mSgpwYycxc1/wUkePAMnp9y6u3VH9fw=="],

    "sift": ["sift@17.1.3", "", {}, "sha512-Rtlj66/b0ICeFzYTuNvX/EF1igRbbnGSvEyT79McoZa/DeGhMyC5pWKOEsZKnpkqtSeovd5FL/bjHWC3CIIvCQ=="],

    "sparse-bitfield": ["sparse-bitfield@3.0.3", "", { "dependencies": { "memory-pager": "^1.0.2" } }, "sha512-kvzhi7vqKTfkh0PZU+2D2PIllw2ymqJKujUcyPMd9Y75Nv4nPbGJZXNhxsgdQab2BmlDct1YnfQCguEvHr7VsQ=="],

    "tr46": ["tr46@5.1.0", "", { "dependencies": { "punycode": "^2.3.1" } }, "sha512-IUWnUK7ADYR5Sl1fZlO1INDUhVhatWl7BtJWsIhwJ0UAK7ilzzIa8uIqOO/aYVWHZPJkKbEL+362wrzoeRF7bw=="],

    "ts-mixer": ["ts-mixer@6.0.4", "", {}, "sha512-ufKpbmrugz5Aou4wcr5Wc1UUFWOLhq+Fm6qa6P0w0K5Qw2yhaUoiWszhCVuNQyNwrlGiscHOmqYoAox1PtvgjA=="],

    "tslib": ["tslib@2.8.1", "", {}, "sha512-oJFu94HQb+KVduSUQL7wnpmqnfmLsOA/nAh6b6EH0wCEoK0/mPeXU6c3wKDV83MkOuHPRHtSXKKU99IBazS/2w=="],

    "typescript": ["typescript@5.8.2", "", { "bin": { "tsc": "bin/tsc", "tsserver": "bin/tsserver" } }, "sha512-aJn6wq13/afZp/jT9QZmwEjDqqvSGp1VT5GVg+f/t6/oVyrgXM6BY1h9BRh/O5p3PlUPAe+WuiEZOmb/49RqoQ=="],

    "ulid": ["ulid@2.4.0", "", { "bin": { "ulid": "bin/cli.js" } }, "sha512-fIRiVTJNcSRmXKPZtGzFQv9WRrZ3M9eoptl/teFJvjOzmpU+/K/JH6HZ8deBfb5vMEpicJcLn7JmvdknlMq7Zg=="],

    "undici": ["undici@6.21.1", "", {}, "sha512-q/1rj5D0/zayJB2FraXdaWxbhWiNKDvu8naDT2dl1yTlvJp4BLtOcp2a5BvgGNQpYYJzau7tf1WgKv3b+7mqpQ=="],

    "undici-types": ["undici-types@6.20.0", "", {}, "sha512-Ny6QZ2Nju20vw1SRHe3d9jVu6gJ+4e3+MMpqu7pqE5HT6WsTSlce++GQmK5UXS8mzV8DSYHrQH+Xrf2jVcuKNg=="],

    "utf-8-validate": ["utf-8-validate@6.0.5", "", { "dependencies": { "node-gyp-build": "^4.3.0" } }, "sha512-EYZR+OpIXp9Y1eG1iueg8KRsY8TuT8VNgnanZ0uA3STqhHQTLwbl+WX76/9X5OY12yQubymBpaBSmMPkSTQcKA=="],

    "uuid": ["uuid@9.0.1", "", { "bin": { "uuid": "dist/bin/uuid" } }, "sha512-b+1eJOlsR9K8HJpow9Ok3fiWOWSIcIzXodvv0rQjVoOVNpWMpxf1wZNpt4y9h10odCNrqnYp1OBzRktckBe3sA=="],

    "webidl-conversions": ["webidl-conversions@7.0.0", "", {}, "sha512-VwddBukDzu71offAQR975unBIGqfKZpM+8ZX6ySk8nYhVoo5CYaZyzt3YBvYtRtO+aoGlqxPg/B87NGVZ/fu6g=="],

    "whatwg-url": ["whatwg-url@14.2.0", "", { "dependencies": { "tr46": "^5.1.0", "webidl-conversions": "^7.0.0" } }, "sha512-De72GdQZzNTUBBChsXueQUnPKDkg/5A5zp7pFDuQAj5UFoENpiACU0wlCvzpAGnTkj++ihpKwKyYewn/XNUbKw=="],

    "ws": ["ws@8.18.1", "", { "peerDependencies": { "bufferutil": "^4.0.1", "utf-8-validate": ">=5.0.2" }, "optionalPeers": ["bufferutil", "utf-8-validate"] }, "sha512-RKW2aJZMXeMxVpnZ6bck+RswznaxmzdULiBr6KY7XkTnW8uvt0iT9H5DkHUChXrc+uurzwa0rVI16n/Xzjdz1w=="],

    "yallist": ["yallist@4.0.0", "", {}, "sha512-3wdGidZyq5PB084XLES5TpOSRA3wjXAlIWMhum2kRcv/41Sn2emQ0dycQW4uZXLejwKvg6EsvbdlVL+FYEct7A=="],

    "zlib-sync": ["zlib-sync@0.1.9", "", { "dependencies": { "nan": "^2.18.0" } }, "sha512-DinB43xCjVwIBDpaIvQqHbmDsnYnSt6HJ/yiB2MZQGTqgPcwBSZqLkimXwK8BvdjQ/MaZysb5uEenImncqvCqQ=="],

    "@discordjs/rest/@discordjs/collection": ["@discordjs/collection@2.1.1", "", {}, "sha512-LiSusze9Tc7qF03sLCujF5iZp7K+vRNEDBZ86FT9aQAv3vxMLihUvKvpsCWiQ2DJq1tVckopKm1rxomgNUc9hg=="],

    "@discordjs/ws/@discordjs/collection": ["@discordjs/collection@2.1.1", "", {}, "sha512-LiSusze9Tc7qF03sLCujF5iZp7K+vRNEDBZ86FT9aQAv3vxMLihUvKvpsCWiQ2DJq1tVckopKm1rxomgNUc9hg=="],

    "@discordjs/ws/@types/ws": ["@types/ws@8.18.0", "", { "dependencies": { "@types/node": "*" } }, "sha512-8svvI3hMyvN0kKCJMvTJP/x6Y/EoQbepff882wL+Sn5QsXb3etnamgrJq4isrBxSJj5L2AuXcI0+bgkoAXGUJw=="],
  }
}
